
Microsoft Visual Studio Solution File, Format Version 12.00
# Visual Studio 2013
VisualStudioVersion = 12.0.30501.0
MinimumVisualStudioVersion = 10.0.40219.1
Project("{FAE04EC0-301F-11D3-BF4B-00C04F79EFBC}") = "HaskellPackage", "HaskellPackage\HaskellPackage.csproj", "{3ECA7658-52E2-41FD-AD3A-A7C9BE9BD323}"
EndProject
Project("{FAE04EC0-301F-11D3-BF4B-00C04F79EFBC}") = "GHCi", "GHCi\GHCi.csproj", "{B05D59CF-69E6-4A10-8DE5-AA5F17092337}"
EndProject
Global
	GlobalSection(SolutionConfigurationPlatforms) = preSolution
		Debug|Any CPU = Debug|Any CPU
		Release|Any CPU = Release|Any CPU
	EndGlobalSection
	GlobalSection(ProjectConfigurationPlatforms) = postSolution
		{3ECA7658-52E2-41FD-AD3A-A7C9BE9BD323}.Debug|Any CPU.ActiveCfg = Debug|Any CPU
		{3ECA7658-52E2-41FD-AD3A-A7C9BE9BD323}.Debug|Any CPU.Build.0 = Debug|Any CPU
		{3ECA7658-52E2-41FD-AD3A-A7C9BE9BD323}.Release|Any CPU.ActiveCfg = Release|Any CPU
		{3ECA7658-52E2-41FD-AD3A-A7C9BE9BD323}.Release|Any CPU.Build.0 = Release|Any CPU
		{B05D59CF-69E6-4A10-8DE5-AA5F17092337}.Debug|Any CPU.ActiveCfg = Debug|Any CPU
		{B05D59CF-69E6-4A10-8DE5-AA5F17092337}.Debug|Any CPU.Build.0 = Debug|Any CPU
		{B05D59CF-69E6-4A10-8DE5-AA5F17092337}.Release|Any CPU.ActiveCfg = Release|Any CPU
		{B05D59CF-69E6-4A10-8DE5-AA5F17092337}.Release|Any CPU.Build.0 = Release|Any CPU
	EndGlobalSection
	GlobalSection(SolutionProperties) = preSolution
		HideSolutionNode = FALSE
	EndGlobalSection
EndGlobal
